
Microsoft Visual Studio Solution File, Format Version 12.00
# Visual Studio Version 17
VisualStudioVersion = 17.0.31903.59
MinimumVisualStudioVersion = 10.0.40219.1
Project("{2150E333-8FDC-42A3-9474-1A3956D46DE8}") = "src", "src", "{827E0CD3-B72D-47B6-A68D-7590B98EB39B}"
EndProject
Project("{FAE04EC0-301F-11D3-BF4B-00C04F79EFBC}") = "ApplicationService", "src\ApplicationService\ApplicationService.csproj", "{8458336C-BCAA-4349-B701-A1DE2CF90812}"
EndProject
Project("{FAE04EC0-301F-11D3-BF4B-00C04F79EFBC}") = "CandidateService", "src\CandidateService\CandidateService.csproj", "{CD220A10-04FC-4D43-A86D-677FBB43303A}"
EndProject
Project("{FAE04EC0-301F-11D3-BF4B-00C04F79EFBC}") = "JobService", "src\JobService\JobService.csproj", "{37D6E09A-1D7E-4E4B-BB11-47AFBD0CDB15}"
EndProject
Project("{FAE04EC0-301F-11D3-BF4B-00C04F79EFBC}") = "ApplicationService.Tests", "tests\ApplicationService.Tests\ApplicationService.Tests.csproj", "{D3D181F8-87E7-4CB2-AFF7-E5C2B2FB2909}"
EndProject
Project("{FAE04EC0-301F-11D3-BF4B-00C04F79EFBC}") = "CandidateService.Tests", "tests\CandidateService.Tests\CandidateService.Tests.csproj", "{D3260ECD-8DF1-466F-9F08-290EB055A5F6}"
EndProject
Project("{FAE04EC0-301F-11D3-BF4B-00C04F79EFBC}") = "JobService.Tests", "tests\JobService.Tests\JobService.Tests.csproj", "{CC82C6AA-A204-4BBE-9EA6-F47A01E6C8AA}"
EndProject
Global
	GlobalSection(SolutionConfigurationPlatforms) = preSolution
		Debug|Any CPU = Debug|Any CPU
		Debug|x64 = Debug|x64
		Debug|x86 = Debug|x86
		Release|Any CPU = Release|Any CPU
		Release|x64 = Release|x64
		Release|x86 = Release|x86
	EndGlobalSection
	GlobalSection(ProjectConfigurationPlatforms) = postSolution
		{8458336C-BCAA-4349-B701-A1DE2CF90812}.Debug|Any CPU.ActiveCfg = Debug|Any CPU
		{8458336C-BCAA-4349-B701-A1DE2CF90812}.Debug|Any CPU.Build.0 = Debug|Any CPU
		{8458336C-BCAA-4349-B701-A1DE2CF90812}.Debug|x64.ActiveCfg = Debug|Any CPU
		{8458336C-BCAA-4349-B701-A1DE2CF90812}.Debug|x64.Build.0 = Debug|Any CPU
		{8458336C-BCAA-4349-B701-A1DE2CF90812}.Debug|x86.ActiveCfg = Debug|Any CPU
		{8458336C-BCAA-4349-B701-A1DE2CF90812}.Debug|x86.Build.0 = Debug|Any CPU
		{8458336C-BCAA-4349-B701-A1DE2CF90812}.Release|Any CPU.ActiveCfg = Release|Any CPU
		{8458336C-BCAA-4349-B701-A1DE2CF90812}.Release|Any CPU.Build.0 = Release|Any CPU
		{8458336C-BCAA-4349-B701-A1DE2CF90812}.Release|x64.ActiveCfg = Release|Any CPU
		{8458336C-BCAA-4349-B701-A1DE2CF90812}.Release|x64.Build.0 = Release|Any CPU
		{8458336C-BCAA-4349-B701-A1DE2CF90812}.Release|x86.ActiveCfg = Release|Any CPU
		{8458336C-BCAA-4349-B701-A1DE2CF90812}.Release|x86.Build.0 = Release|Any CPU
		{CD220A10-04FC-4D43-A86D-677FBB43303A}.Debug|Any CPU.ActiveCfg = Debug|Any CPU
		{CD220A10-04FC-4D43-A86D-677FBB43303A}.Debug|Any CPU.Build.0 = Debug|Any CPU
		{CD220A10-04FC-4D43-A86D-677FBB43303A}.Debug|x64.ActiveCfg = Debug|Any CPU
		{CD220A10-04FC-4D43-A86D-677FBB43303A}.Debug|x64.Build.0 = Debug|Any CPU
		{CD220A10-04FC-4D43-A86D-677FBB43303A}.Debug|x86.ActiveCfg = Debug|Any CPU
		{CD220A10-04FC-4D43-A86D-677FBB43303A}.Debug|x86.Build.0 = Debug|Any CPU
		{CD220A10-04FC-4D43-A86D-677FBB43303A}.Release|Any CPU.ActiveCfg = Release|Any CPU
		{CD220A10-04FC-4D43-A86D-677FBB43303A}.Release|Any CPU.Build.0 = Release|Any CPU
		{CD220A10-04FC-4D43-A86D-677FBB43303A}.Release|x64.ActiveCfg = Release|Any CPU
		{CD220A10-04FC-4D43-A86D-677FBB43303A}.Release|x64.Build.0 = Release|Any CPU
		{CD220A10-04FC-4D43-A86D-677FBB43303A}.Release|x86.ActiveCfg = Release|Any CPU
		{CD220A10-04FC-4D43-A86D-677FBB43303A}.Release|x86.Build.0 = Release|Any CPU
		{37D6E09A-1D7E-4E4B-BB11-47AFBD0CDB15}.Debug|Any CPU.ActiveCfg = Debug|Any CPU
		{37D6E09A-1D7E-4E4B-BB11-47AFBD0CDB15}.Debug|Any CPU.Build.0 = Debug|Any CPU
		{37D6E09A-1D7E-4E4B-BB11-47AFBD0CDB15}.Debug|x64.ActiveCfg = Debug|Any CPU
		{37D6E09A-1D7E-4E4B-BB11-47AFBD0CDB15}.Debug|x64.Build.0 = Debug|Any CPU
		{37D6E09A-1D7E-4E4B-BB11-47AFBD0CDB15}.Debug|x86.ActiveCfg = Debug|Any CPU
		{37D6E09A-1D7E-4E4B-BB11-47AFBD0CDB15}.Debug|x86.Build.0 = Debug|Any CPU
		{37D6E09A-1D7E-4E4B-BB11-47AFBD0CDB15}.Release|Any CPU.ActiveCfg = Release|Any CPU
		{37D6E09A-1D7E-4E4B-BB11-47AFBD0CDB15}.Release|Any CPU.Build.0 = Release|Any CPU
		{37D6E09A-1D7E-4E4B-BB11-47AFBD0CDB15}.Release|x64.ActiveCfg = Release|Any CPU
		{37D6E09A-1D7E-4E4B-BB11-47AFBD0CDB15}.Release|x64.Build.0 = Release|Any CPU
		{37D6E09A-1D7E-4E4B-BB11-47AFBD0CDB15}.Release|x86.ActiveCfg = Release|Any CPU
		{37D6E09A-1D7E-4E4B-BB11-47AFBD0CDB15}.Release|x86.Build.0 = Release|Any CPU
		{D3D181F8-87E7-4CB2-AFF7-E5C2B2FB2909}.Debug|Any CPU.ActiveCfg = Debug|Any CPU
		{D3D181F8-87E7-4CB2-AFF7-E5C2B2FB2909}.Debug|Any CPU.Build.0 = Debug|Any CPU
		{D3D181F8-87E7-4CB2-AFF7-E5C2B2FB2909}.Debug|x64.ActiveCfg = Debug|Any CPU
		{D3D181F8-87E7-4CB2-AFF7-E5C2B2FB2909}.Debug|x64.Build.0 = Debug|Any CPU
		{D3D181F8-87E7-4CB2-AFF7-E5C2B2FB2909}.Debug|x86.ActiveCfg = Debug|Any CPU
		{D3D181F8-87E7-4CB2-AFF7-E5C2B2FB2909}.Debug|x86.Build.0 = Debug|Any CPU
		{D3D181F8-87E7-4CB2-AFF7-E5C2B2FB2909}.Release|Any CPU.ActiveCfg = Release|Any CPU
		{D3D181F8-87E7-4CB2-AFF7-E5C2B2FB2909}.Release|Any CPU.Build.0 = Release|Any CPU
		{D3D181F8-87E7-4CB2-AFF7-E5C2B2FB2909}.Release|x64.ActiveCfg = Release|Any CPU
		{D3D181F8-87E7-4CB2-AFF7-E5C2B2FB2909}.Release|x64.Build.0 = Release|Any CPU
		{D3D181F8-87E7-4CB2-AFF7-E5C2B2FB2909}.Release|x86.ActiveCfg = Release|Any CPU
		{D3D181F8-87E7-4CB2-AFF7-E5C2B2FB2909}.Release|x86.Build.0 = Release|Any CPU
		{D3260ECD-8DF1-466F-9F08-290EB055A5F6}.Debug|Any CPU.ActiveCfg = Debug|Any CPU
		{D3260ECD-8DF1-466F-9F08-290EB055A5F6}.Debug|Any CPU.Build.0 = Debug|Any CPU
		{D3260ECD-8DF1-466F-9F08-290EB055A5F6}.Debug|x64.ActiveCfg = Debug|Any CPU
		{D3260ECD-8DF1-466F-9F08-290EB055A5F6}.Debug|x64.Build.0 = Debug|Any CPU
		{D3260ECD-8DF1-466F-9F08-290EB055A5F6}.Debug|x86.ActiveCfg = Debug|Any CPU
		{D3260ECD-8DF1-466F-9F08-290EB055A5F6}.Debug|x86.Build.0 = Debug|Any CPU
		{D3260ECD-8DF1-466F-9F08-290EB055A5F6}.Release|Any CPU.ActiveCfg = Release|Any CPU
		{D3260ECD-8DF1-466F-9F08-290EB055A5F6}.Release|Any CPU.Build.0 = Release|Any CPU
		{D3260ECD-8DF1-466F-9F08-290EB055A5F6}.Release|x64.ActiveCfg = Release|Any CPU
		{D3260ECD-8DF1-466F-9F08-290EB055A5F6}.Release|x64.Build.0 = Release|Any CPU
		{D3260ECD-8DF1-466F-9F08-290EB055A5F6}.Release|x86.ActiveCfg = Release|Any CPU
		{D3260ECD-8DF1-466F-9F08-290EB055A5F6}.Release|x86.Build.0 = Release|Any CPU
		{CC82C6AA-A204-4BBE-9EA6-F47A01E6C8AA}.Debug|Any CPU.ActiveCfg = Debug|Any CPU
		{CC82C6AA-A204-4BBE-9EA6-F47A01E6C8AA}.Debug|Any CPU.Build.0 = Debug|Any CPU
		{CC82C6AA-A204-4BBE-9EA6-F47A01E6C8AA}.Debug|x64.ActiveCfg = Debug|Any CPU
		{CC82C6AA-A204-4BBE-9EA6-F47A01E6C8AA}.Debug|x64.Build.0 = Debug|Any CPU
		{CC82C6AA-A204-4BBE-9EA6-F47A01E6C8AA}.Debug|x86.ActiveCfg = Debug|Any CPU
		{CC82C6AA-A204-4BBE-9EA6-F47A01E6C8AA}.Debug|x86.Build.0 = Debug|Any CPU
		{CC82C6AA-A204-4BBE-9EA6-F47A01E6C8AA}.Release|Any CPU.ActiveCfg = Release|Any CPU
		{CC82C6AA-A204-4BBE-9EA6-F47A01E6C8AA}.Release|Any CPU.Build.0 = Release|Any CPU
		{CC82C6AA-A204-4BBE-9EA6-F47A01E6C8AA}.Release|x64.ActiveCfg = Release|Any CPU
		{CC82C6AA-A204-4BBE-9EA6-F47A01E6C8AA}.Release|x64.Build.0 = Release|Any CPU
		{CC82C6AA-A204-4BBE-9EA6-F47A01E6C8AA}.Release|x86.ActiveCfg = Release|Any CPU
		{CC82C6AA-A204-4BBE-9EA6-F47A01E6C8AA}.Release|x86.Build.0 = Release|Any CPU
	EndGlobalSection
	GlobalSection(SolutionProperties) = preSolution
		HideSolutionNode = FALSE
	EndGlobalSection
	GlobalSection(NestedProjects) = preSolution
		{8458336C-BCAA-4349-B701-A1DE2CF90812} = {827E0CD3-B72D-47B6-A68D-7590B98EB39B}
		{CD220A10-04FC-4D43-A86D-677FBB43303A} = {827E0CD3-B72D-47B6-A68D-7590B98EB39B}
		{37D6E09A-1D7E-4E4B-BB11-47AFBD0CDB15} = {827E0CD3-B72D-47B6-A68D-7590B98EB39B}
		{D3D181F8-87E7-4CB2-AFF7-E5C2B2FB2909} = {827E0CD3-B72D-47B6-A68D-7590B98EB39B}
		{D3260ECD-8DF1-466F-9F08-290EB055A5F6} = {827E0CD3-B72D-47B6-A68D-7590B98EB39B}
		{CC82C6AA-A204-4BBE-9EA6-F47A01E6C8AA} = {827E0CD3-B72D-47B6-A68D-7590B98EB39B}
	EndGlobalSection
EndGlobal
